// !$*UTF8*$!
{
	archiveVersion = 1;
	classes = {
	};
	objectVersion = 51;
	objects = {

/* Begin PBXBuildFile section */
		181916B124FF55860022DCC7 /* AppDelegate.swift in Sources */ = {isa = PBXBuildFile; fileRef = 181916B024FF55860022DCC7 /* AppDelegate.swift */; };
		181916B324FF55860022DCC7 /* SceneDelegate.swift in Sources */ = {isa = PBXBuildFile; fileRef = 181916B224FF55860022DCC7 /* SceneDelegate.swift */; };
		181916B524FF55860022DCC7 /* ViewController.swift in Sources */ = {isa = PBXBuildFile; fileRef = 181916B424FF55860022DCC7 /* ViewController.swift */; };
		181916B824FF55860022DCC7 /* Main.storyboard in Resources */ = {isa = PBXBuildFile; fileRef = 181916B624FF55860022DCC7 /* Main.storyboard */; };
		181916BA24FF55890022DCC7 /* Assets.xcassets in Resources */ = {isa = PBXBuildFile; fileRef = 181916B924FF55890022DCC7 /* Assets.xcassets */; };
		181916BD24FF55890022DCC7 /* LaunchScreen.storyboard in Resources */ = {isa = PBXBuildFile; fileRef = 181916BB24FF55890022DCC7 /* LaunchScreen.storyboard */; };
		181916C924FF57180022DCC7 /* EmployeeListView.swift in Sources */ = {isa = PBXBuildFile; fileRef = 181916C824FF57180022DCC7 /* EmployeeListView.swift */; };
		181916CB24FF575A0022DCC7 /* Employee.swift in Sources */ = {isa = PBXBuildFile; fileRef = 181916CA24FF575A0022DCC7 /* Employee.swift */; };
		181916CE24FF58810022DCC7 /* EmployeeListViewCell.swift in Sources */ = {isa = PBXBuildFile; fileRef = 181916CC24FF58810022DCC7 /* EmployeeListViewCell.swift */; };
		181916CF24FF58810022DCC7 /* EmployeeListViewCell.xib in Resources */ = {isa = PBXBuildFile; fileRef = 181916CD24FF58810022DCC7 /* EmployeeListViewCell.xib */; };
		181916D524FF5DEA0022DCC7 /* PopupCell.swift in Sources */ = {isa = PBXBuildFile; fileRef = 181916D124FF5DEA0022DCC7 /* PopupCell.swift */; };
		181916D624FF5DEA0022DCC7 /* Popup.swift in Sources */ = {isa = PBXBuildFile; fileRef = 181916D224FF5DEA0022DCC7 /* Popup.swift */; };
		181916D724FF5DEA0022DCC7 /* PopupView.swift in Sources */ = {isa = PBXBuildFile; fileRef = 181916D324FF5DEA0022DCC7 /* PopupView.swift */; };
		181916D824FF5DEA0022DCC7 /* PopupCell.xib in Resources */ = {isa = PBXBuildFile; fileRef = 181916D424FF5DEA0022DCC7 /* PopupCell.xib */; };
		181916E024FF61180022DCC7 /* APIs.swift in Sources */ = {isa = PBXBuildFile; fileRef = 181916DC24FF61170022DCC7 /* APIs.swift */; };
		181916E124FF61180022DCC7 /* ServiceManager.swift in Sources */ = {isa = PBXBuildFile; fileRef = 181916DD24FF61180022DCC7 /* ServiceManager.swift */; };
		181916E324FF62FB0022DCC7 /* EmployeeViewModel.swift in Sources */ = {isa = PBXBuildFile; fileRef = 181916E224FF62FB0022DCC7 /* EmployeeViewModel.swift */; };
		181916E624FF6D480022DCC7 /* IndicatorView.swift in Sources */ = {isa = PBXBuildFile; fileRef = 181916E524FF6D480022DCC7 /* IndicatorView.swift */; };
		181916EA24FF93150022DCC7 /* Errors.swift in Sources */ = {isa = PBXBuildFile; fileRef = 181916E924FF93150022DCC7 /* Errors.swift */; };
		18D464A724FF9A5D00DF3E0C /* Extensions.swift in Sources */ = {isa = PBXBuildFile; fileRef = 18D464A624FF9A5D00DF3E0C /* Extensions.swift */; };
		18D464A924FF9DC300DF3E0C /* Identifiers.swift in Sources */ = {isa = PBXBuildFile; fileRef = 18D464A824FF9DC300DF3E0C /* Identifiers.swift */; };
		5A62C5FACF4374FA8388F9BD /* Pods_EmployeeDemo.framework in Frameworks */ = {isa = PBXBuildFile; fileRef = E4E1EF31C85CE7359611B9E8 /* Pods_EmployeeDemo.framework */; };
/* End PBXBuildFile section */

/* Begin PBXFileReference section */
		181916AD24FF55860022DCC7 /* EmployeeDemo.app */ = {isa = PBXFileReference; explicitFileType = wrapper.application; includeInIndex = 0; path = EmployeeDemo.app; sourceTree = BUILT_PRODUCTS_DIR; };
		181916B024FF55860022DCC7 /* AppDelegate.swift */ = {isa = PBXFileReference; lastKnownFileType = sourcecode.swift; path = AppDelegate.swift; sourceTree = "<group>"; };
		181916B224FF55860022DCC7 /* SceneDelegate.swift */ = {isa = PBXFileReference; lastKnownFileType = sourcecode.swift; path = SceneDelegate.swift; sourceTree = "<group>"; };
		181916B424FF55860022DCC7 /* ViewController.swift */ = {isa = PBXFileReference; lastKnownFileType = sourcecode.swift; path = ViewController.swift; sourceTree = "<group>"; };
		181916B724FF55860022DCC7 /* Base */ = {isa = PBXFileReference; lastKnownFileType = file.storyboard; name = Base; path = Base.lproj/Main.storyboard; sourceTree = "<group>"; };
		181916B924FF55890022DCC7 /* Assets.xcassets */ = {isa = PBXFileReference; lastKnownFileType = folder.assetcatalog; path = Assets.xcassets; sourceTree = "<group>"; };
		181916BC24FF55890022DCC7 /* Base */ = {isa = PBXFileReference; lastKnownFileType = file.storyboard; name = Base; path = Base.lproj/LaunchScreen.storyboard; sourceTree = "<group>"; };
		181916BE24FF55890022DCC7 /* Info.plist */ = {isa = PBXFileReference; lastKnownFileType = text.plist.xml; path = Info.plist; sourceTree = "<group>"; };
		181916C824FF57180022DCC7 /* EmployeeListView.swift */ = {isa = PBXFileReference; lastKnownFileType = sourcecode.swift; path = EmployeeListView.swift; sourceTree = "<group>"; };
		181916CA24FF575A0022DCC7 /* Employee.swift */ = {isa = PBXFileReference; lastKnownFileType = sourcecode.swift; path = Employee.swift; sourceTree = "<group>"; };
		181916CC24FF58810022DCC7 /* EmployeeListViewCell.swift */ = {isa = PBXFileReference; lastKnownFileType = sourcecode.swift; path = EmployeeListViewCell.swift; sourceTree = "<group>"; };
		181916CD24FF58810022DCC7 /* EmployeeListViewCell.xib */ = {isa = PBXFileReference; lastKnownFileType = file.xib; path = EmployeeListViewCell.xib; sourceTree = "<group>"; };
		181916D124FF5DEA0022DCC7 /* PopupCell.swift */ = {isa = PBXFileReference; fileEncoding = 4; lastKnownFileType = sourcecode.swift; path = PopupCell.swift; sourceTree = "<group>"; };
		181916D224FF5DEA0022DCC7 /* Popup.swift */ = {isa = PBXFileReference; fileEncoding = 4; lastKnownFileType = sourcecode.swift; path = Popup.swift; sourceTree = "<group>"; };
		181916D324FF5DEA0022DCC7 /* PopupView.swift */ = {isa = PBXFileReference; fileEncoding = 4; lastKnownFileType = sourcecode.swift; path = PopupView.swift; sourceTree = "<group>"; };
		181916D424FF5DEA0022DCC7 /* PopupCell.xib */ = {isa = PBXFileReference; fileEncoding = 4; lastKnownFileType = file.xib; path = PopupCell.xib; sourceTree = "<group>"; };
		181916DC24FF61170022DCC7 /* APIs.swift */ = {isa = PBXFileReference; fileEncoding = 4; lastKnownFileType = sourcecode.swift; path = APIs.swift; sourceTree = "<group>"; };
		181916DD24FF61180022DCC7 /* ServiceManager.swift */ = {isa = PBXFileReference; fileEncoding = 4; lastKnownFileType = sourcecode.swift; path = ServiceManager.swift; sourceTree = "<group>"; };
		181916E224FF62FB0022DCC7 /* EmployeeViewModel.swift */ = {isa = PBXFileReference; lastKnownFileType = sourcecode.swift; path = EmployeeViewModel.swift; sourceTree = "<group>"; };
		181916E524FF6D480022DCC7 /* IndicatorView.swift */ = {isa = PBXFileReference; lastKnownFileType = sourcecode.swift; path = IndicatorView.swift; sourceTree = "<group>"; };
		181916E924FF93150022DCC7 /* Errors.swift */ = {isa = PBXFileReference; fileEncoding = 4; lastKnownFileType = sourcecode.swift; path = Errors.swift; sourceTree = "<group>"; };
		18D464A624FF9A5D00DF3E0C /* Extensions.swift */ = {isa = PBXFileReference; lastKnownFileType = sourcecode.swift; path = Extensions.swift; sourceTree = "<group>"; };
		18D464A824FF9DC300DF3E0C /* Identifiers.swift */ = {isa = PBXFileReference; lastKnownFileType = sourcecode.swift; path = Identifiers.swift; sourceTree = "<group>"; };
		43DF70B8940DD6A5DDEAEBE4 /* Pods-EmployeeDemo.debug.xcconfig */ = {isa = PBXFileReference; includeInIndex = 1; lastKnownFileType = text.xcconfig; name = "Pods-EmployeeDemo.debug.xcconfig"; path = "Target Support Files/Pods-EmployeeDemo/Pods-EmployeeDemo.debug.xcconfig"; sourceTree = "<group>"; };
		87B9B03AB80BC05B477D53E9 /* Pods-EmployeeDemo.release.xcconfig */ = {isa = PBXFileReference; includeInIndex = 1; lastKnownFileType = text.xcconfig; name = "Pods-EmployeeDemo.release.xcconfig"; path = "Target Support Files/Pods-EmployeeDemo/Pods-EmployeeDemo.release.xcconfig"; sourceTree = "<group>"; };
		E4E1EF31C85CE7359611B9E8 /* Pods_EmployeeDemo.framework */ = {isa = PBXFileReference; explicitFileType = wrapper.framework; includeInIndex = 0; path = Pods_EmployeeDemo.framework; sourceTree = BUILT_PRODUCTS_DIR; };
/* End PBXFileReference section */

/* Begin PBXFrameworksBuildPhase section */
		181916AA24FF55860022DCC7 /* Frameworks */ = {
			isa = PBXFrameworksBuildPhase;
			buildActionMask = 2147483647;
			files = (
				5A62C5FACF4374FA8388F9BD /* Pods_EmployeeDemo.framework in Frameworks */,
			);
			runOnlyForDeploymentPostprocessing = 0;
		};
/* End PBXFrameworksBuildPhase section */

/* Begin PBXGroup section */
		181916A424FF55860022DCC7 = {
			isa = PBXGroup;
			children = (
				181916AF24FF55860022DCC7 /* EmployeeDemo */,
				181916AE24FF55860022DCC7 /* Products */,
				8DF2802017135683E3C283A6 /* Pods */,
				E5C080C9DD0932301093537E /* Frameworks */,
			);
			sourceTree = "<group>";
		};
		181916AE24FF55860022DCC7 /* Products */ = {
			isa = PBXGroup;
			children = (
				181916AD24FF55860022DCC7 /* EmployeeDemo.app */,
			);
			name = Products;
			sourceTree = "<group>";
		};
		181916AF24FF55860022DCC7 /* EmployeeDemo */ = {
			isa = PBXGroup;
			children = (
				181916E424FF6D270022DCC7 /* IndicatorView */,
				181916D924FF60FC0022DCC7 /* Networking */,
				181916D024FF5DC40022DCC7 /* Popup */,
				181916C624FF569C0022DCC7 /* Modal */,
				181916C724FF56A70022DCC7 /* ViewModal */,
				181916C424FF568C0022DCC7 /* View */,
				181916B024FF55860022DCC7 /* AppDelegate.swift */,
				181916B224FF55860022DCC7 /* SceneDelegate.swift */,
				181916B424FF55860022DCC7 /* ViewController.swift */,
				18D464A624FF9A5D00DF3E0C /* Extensions.swift */,
				181916B624FF55860022DCC7 /* Main.storyboard */,
				181916B924FF55890022DCC7 /* Assets.xcassets */,
				181916BB24FF55890022DCC7 /* LaunchScreen.storyboard */,
				181916BE24FF55890022DCC7 /* Info.plist */,
			);
			path = EmployeeDemo;
			sourceTree = "<group>";
		};
		181916C424FF568C0022DCC7 /* View */ = {
			isa = PBXGroup;
			children = (
				18D464A824FF9DC300DF3E0C /* Identifiers.swift */,
				181916C824FF57180022DCC7 /* EmployeeListView.swift */,
				181916CC24FF58810022DCC7 /* EmployeeListViewCell.swift */,
				181916CD24FF58810022DCC7 /* EmployeeListViewCell.xib */,
			);
			path = View;
			sourceTree = "<group>";
		};
		181916C624FF569C0022DCC7 /* Modal */ = {
			isa = PBXGroup;
			children = (
				181916CA24FF575A0022DCC7 /* Employee.swift */,
			);
			path = Modal;
			sourceTree = "<group>";
		};
		181916C724FF56A70022DCC7 /* ViewModal */ = {
			isa = PBXGroup;
			children = (
				181916E224FF62FB0022DCC7 /* EmployeeViewModel.swift */,
			);
			path = ViewModal;
			sourceTree = "<group>";
		};
		181916D024FF5DC40022DCC7 /* Popup */ = {
			isa = PBXGroup;
			children = (
				181916EB24FF97520022DCC7 /* PopupListView */,
				181916D224FF5DEA0022DCC7 /* Popup.swift */,
			);
			path = Popup;
			sourceTree = "<group>";
		};
		181916D924FF60FC0022DCC7 /* Networking */ = {
			isa = PBXGroup;
			children = (
				181916DD24FF61180022DCC7 /* ServiceManager.swift */,
				181916E924FF93150022DCC7 /* Errors.swift */,
				181916DC24FF61170022DCC7 /* APIs.swift */,
			);
			path = Networking;
			sourceTree = "<group>";
		};
		181916E424FF6D270022DCC7 /* IndicatorView */ = {
			isa = PBXGroup;
			children = (
				181916E524FF6D480022DCC7 /* IndicatorView.swift */,
			);
			path = IndicatorView;
			sourceTree = "<group>";
		};
		181916EB24FF97520022DCC7 /* PopupListView */ = {
			isa = PBXGroup;
			children = (
				181916D124FF5DEA0022DCC7 /* PopupCell.swift */,
				181916D424FF5DEA0022DCC7 /* PopupCell.xib */,
				181916D324FF5DEA0022DCC7 /* PopupView.swift */,
			);
			path = PopupListView;
			sourceTree = "<group>";
		};
		8DF2802017135683E3C283A6 /* Pods */ = {
			isa = PBXGroup;
			children = (
				43DF70B8940DD6A5DDEAEBE4 /* Pods-EmployeeDemo.debug.xcconfig */,
				87B9B03AB80BC05B477D53E9 /* Pods-EmployeeDemo.release.xcconfig */,
			);
			path = Pods;
			sourceTree = "<group>";
		};
		E5C080C9DD0932301093537E /* Frameworks */ = {
			isa = PBXGroup;
			children = (
				E4E1EF31C85CE7359611B9E8 /* Pods_EmployeeDemo.framework */,
			);
			name = Frameworks;
			sourceTree = "<group>";
		};
/* End PBXGroup section */

/* Begin PBXNativeTarget section */
		181916AC24FF55860022DCC7 /* EmployeeDemo */ = {
			isa = PBXNativeTarget;
			buildConfigurationList = 181916C124FF55890022DCC7 /* Build configuration list for PBXNativeTarget "EmployeeDemo" */;
			buildPhases = (
				B10CCDF2933DBD423721C9E8 /* [CP] Check Pods Manifest.lock */,
				181916A924FF55860022DCC7 /* Sources */,
				181916AA24FF55860022DCC7 /* Frameworks */,
				181916AB24FF55860022DCC7 /* Resources */,
				C2D7AC9515064D64E758AD54 /* [CP] Embed Pods Frameworks */,
			);
			buildRules = (
			);
			dependencies = (
			);
			name = EmployeeDemo;
			productName = EmployeeDemo;
			productReference = 181916AD24FF55860022DCC7 /* EmployeeDemo.app */;
			productType = "com.apple.product-type.application";
		};
/* End PBXNativeTarget section */

/* Begin PBXProject section */
		181916A524FF55860022DCC7 /* Project object */ = {
			isa = PBXProject;
			attributes = {
				LastSwiftUpdateCheck = 1160;
				LastUpgradeCheck = 1160;
				ORGANIZATIONNAME = "Ajeet N";
				TargetAttributes = {
					181916AC24FF55860022DCC7 = {
						CreatedOnToolsVersion = 11.6;
					};
				};
			};
			buildConfigurationList = 181916A824FF55860022DCC7 /* Build configuration list for PBXProject "EmployeeDemo" */;
			compatibilityVersion = "Xcode 9.3";
			developmentRegion = en;
			hasScannedForEncodings = 0;
			knownRegions = (
				en,
				Base,
			);
			mainGroup = 181916A424FF55860022DCC7;
			productRefGroup = 181916AE24FF55860022DCC7 /* Products */;
			projectDirPath = "";
			projectRoot = "";
			targets = (
				181916AC24FF55860022DCC7 /* EmployeeDemo */,
			);
		};
/* End PBXProject section */

/* Begin PBXResourcesBuildPhase section */
		181916AB24FF55860022DCC7 /* Resources */ = {
			isa = PBXResourcesBuildPhase;
			buildActionMask = 2147483647;
			files = (
				181916CF24FF58810022DCC7 /* EmployeeListViewCell.xib in Resources */,
				181916BD24FF55890022DCC7 /* LaunchScreen.storyboard in Resources */,
				181916BA24FF55890022DCC7 /* Assets.xcassets in Resources */,
				181916B824FF55860022DCC7 /* Main.storyboard in Resources */,
				181916D824FF5DEA0022DCC7 /* PopupCell.xib in Resources */,
			);
			runOnlyForDeploymentPostprocessing = 0;
		};
/* End PBXResourcesBuildPhase section */

/* Begin PBXShellScriptBuildPhase section */
		B10CCDF2933DBD423721C9E8 /* [CP] Check Pods Manifest.lock */ = {
			isa = PBXShellScriptBuildPhase;
			buildActionMask = 2147483647;
			files = (
			);
			inputFileListPaths = (
			);
			inputPaths = (
				"${PODS_PODFILE_DIR_PATH}/Podfile.lock",
				"${PODS_ROOT}/Manifest.lock",
			);
			name = "[CP] Check Pods Manifest.lock";
			outputFileListPaths = (
			);
			outputPaths = (
				"$(DERIVED_FILE_DIR)/Pods-EmployeeDemo-checkManifestLockResult.txt",
			);
			runOnlyForDeploymentPostprocessing = 0;
			shellPath = /bin/sh;
			shellScript = "diff \"${PODS_PODFILE_DIR_PATH}/Podfile.lock\" \"${PODS_ROOT}/Manifest.lock\" > /dev/null\nif [ $? != 0 ] ; then\n    # print error to STDERR\n    echo \"error: The sandbox is not in sync with the Podfile.lock. Run 'pod install' or update your CocoaPods installation.\" >&2\n    exit 1\nfi\n# This output is used by Xcode 'outputs' to avoid re-running this script phase.\necho \"SUCCESS\" > \"${SCRIPT_OUTPUT_FILE_0}\"\n";
			showEnvVarsInLog = 0;
		};
		C2D7AC9515064D64E758AD54 /* [CP] Embed Pods Frameworks */ = {
			isa = PBXShellScriptBuildPhase;
			buildActionMask = 2147483647;
			files = (
			);
			inputFileListPaths = (
				"${PODS_ROOT}/Target Support Files/Pods-EmployeeDemo/Pods-EmployeeDemo-frameworks-${CONFIGURATION}-input-files.xcfilelist",
			);
			name = "[CP] Embed Pods Frameworks";
			outputFileListPaths = (
				"${PODS_ROOT}/Target Support Files/Pods-EmployeeDemo/Pods-EmployeeDemo-frameworks-${CONFIGURATION}-output-files.xcfilelist",
			);
			runOnlyForDeploymentPostprocessing = 0;
			shellPath = /bin/sh;
			shellScript = "\"${PODS_ROOT}/Target Support Files/Pods-EmployeeDemo/Pods-EmployeeDemo-frameworks.sh\"\n";
			showEnvVarsInLog = 0;
		};
/* End PBXShellScriptBuildPhase section */

/* Begin PBXSourcesBuildPhase section */
		181916A924FF55860022DCC7 /* Sources */ = {
			isa = PBXSourcesBuildPhase;
			buildActionMask = 2147483647;
			files = (
				181916D724FF5DEA0022DCC7 /* PopupView.swift in Sources */,
				181916D524FF5DEA0022DCC7 /* PopupCell.swift in Sources */,
				18D464A924FF9DC300DF3E0C /* Identifiers.swift in Sources */,
				181916E324FF62FB0022DCC7 /* EmployeeViewModel.swift in Sources */,
				181916E624FF6D480022DCC7 /* IndicatorView.swift in Sources */,
				181916C924FF57180022DCC7 /* EmployeeListView.swift in Sources */,
				181916E124FF61180022DCC7 /* ServiceManager.swift in Sources */,
				181916EA24FF93150022DCC7 /* Errors.swift in Sources */,
				181916D624FF5DEA0022DCC7 /* Popup.swift in Sources */,
				181916B524FF55860022DCC7 /* ViewController.swift in Sources */,
				181916B124FF55860022DCC7 /* AppDelegate.swift in Sources */,
				18D464A724FF9A5D00DF3E0C /* Extensions.swift in Sources */,
				181916CB24FF575A0022DCC7 /* Employee.swift in Sources */,
				181916CE24FF58810022DCC7 /* EmployeeListViewCell.swift in Sources */,
				181916E024FF61180022DCC7 /* APIs.swift in Sources */,
				181916B324FF55860022DCC7 /* SceneDelegate.swift in Sources */,
			);
			runOnlyForDeploymentPostprocessing = 0;
		};
/* End PBXSourcesBuildPhase section */

/* Begin PBXVariantGroup section */
		181916B624FF55860022DCC7 /* Main.storyboard */ = {
			isa = PBXVariantGroup;
			children = (
				181916B724FF55860022DCC7 /* Base */,
			);
			name = Main.storyboard;
			sourceTree = "<group>";
		};
		181916BB24FF55890022DCC7 /* LaunchScreen.storyboard */ = {
			isa = PBXVariantGroup;
			children = (
				181916BC24FF55890022DCC7 /* Base */,
			);
			name = LaunchScreen.storyboard;
			sourceTree = "<group>";
		};
/* End PBXVariantGroup section */

/* Begin XCBuildConfiguration section */
		181916BF24FF55890022DCC7 /* Debug */ = {
			isa = XCBuildConfiguration;
			buildSettings = {
				ALWAYS_SEARCH_USER_PATHS = NO;
				CLANG_ANALYZER_NONNULL = YES;
				CLANG_ANALYZER_NUMBER_OBJECT_CONVERSION = YES_AGGRESSIVE;
				CLANG_CXX_LANGUAGE_STANDARD = "gnu++14";
				CLANG_CXX_LIBRARY = "libc++";
				CLANG_ENABLE_MODULES = YES;
				CLANG_ENABLE_OBJC_ARC = YES;
				CLANG_ENABLE_OBJC_WEAK = YES;
				CLANG_WARN_BLOCK_CAPTURE_AUTORELEASING = YES;
				CLANG_WARN_BOOL_CONVERSION = YES;
				CLANG_WARN_COMMA = YES;
				CLANG_WARN_CONSTANT_CONVERSION = YES;
				CLANG_WARN_DEPRECATED_OBJC_IMPLEMENTATIONS = YES;
				CLANG_WARN_DIRECT_OBJC_ISA_USAGE = YES_ERROR;
				CLANG_WARN_DOCUMENTATION_COMMENTS = YES;
				CLANG_WARN_EMPTY_BODY = YES;
				CLANG_WARN_ENUM_CONVERSION = YES;
				CLANG_WARN_INFINITE_RECURSION = YES;
				CLANG_WARN_INT_CONVERSION = YES;
				CLANG_WARN_NON_LITERAL_NULL_CONVERSION = YES;
				CLANG_WARN_OBJC_IMPLICIT_RETAIN_SELF = YES;
				CLANG_WARN_OBJC_LITERAL_CONVERSION = YES;
				CLANG_WARN_OBJC_ROOT_CLASS = YES_ERROR;
				CLANG_WARN_RANGE_LOOP_ANALYSIS = YES;
				CLANG_WARN_STRICT_PROTOTYPES = YES;
				CLANG_WARN_SUSPICIOUS_MOVE = YES;
				CLANG_WARN_UNGUARDED_AVAILABILITY = YES_AGGRESSIVE;
				CLANG_WARN_UNREACHABLE_CODE = YES;
				CLANG_WARN__DUPLICATE_METHOD_MATCH = YES;
				COPY_PHASE_STRIP = NO;
				DEBUG_INFORMATION_FORMAT = dwarf;
				ENABLE_STRICT_OBJC_MSGSEND = YES;
				ENABLE_TESTABILITY = YES;
				GCC_C_LANGUAGE_STANDARD = gnu11;
				GCC_DYNAMIC_NO_PIC = NO;
				GCC_NO_COMMON_BLOCKS = YES;
				GCC_OPTIMIZATION_LEVEL = 0;
				GCC_PREPROCESSOR_DEFINITIONS = (
					"DEBUG=1",
					"$(inherited)",
				);
				GCC_WARN_64_TO_32_BIT_CONVERSION = YES;
				GCC_WARN_ABOUT_RETURN_TYPE = YES_ERROR;
				GCC_WARN_UNDECLARED_SELECTOR = YES;
				GCC_WARN_UNINITIALIZED_AUTOS = YES_AGGRESSIVE;
				GCC_WARN_UNUSED_FUNCTION = YES;
				GCC_WARN_UNUSED_VARIABLE = YES;
				IPHONEOS_DEPLOYMENT_TARGET = 13.6;
				MTL_ENABLE_DEBUG_INFO = INCLUDE_SOURCE;
				MTL_FAST_MATH = YES;
				ONLY_ACTIVE_ARCH = YES;
				SDKROOT = iphoneos;
				SWIFT_ACTIVE_COMPILATION_CONDITIONS = DEBUG;
				SWIFT_OPTIMIZATION_LEVEL = "-Onone";
			};
			name = Debug;
		};
		181916C024FF55890022DCC7 /* Release */ = {
			isa = XCBuildConfiguration;
			buildSettings = {
				ALWAYS_SEARCH_USER_PATHS = NO;
				CLANG_ANALYZER_NONNULL = YES;
				CLANG_ANALYZER_NUMBER_OBJECT_CONVERSION = YES_AGGRESSIVE;
				CLANG_CXX_LANGUAGE_STANDARD = "gnu++14";
				CLANG_CXX_LIBRARY = "libc++";
				CLANG_ENABLE_MODULES = YES;
				CLANG_ENABLE_OBJC_ARC = YES;
				CLANG_ENABLE_OBJC_WEAK = YES;
				CLANG_WARN_BLOCK_CAPTURE_AUTORELEASING = YES;
				CLANG_WARN_BOOL_CONVERSION = YES;
				CLANG_WARN_COMMA = YES;
				CLANG_WARN_CONSTANT_CONVERSION = YES;
				CLANG_WARN_DEPRECATED_OBJC_IMPLEMENTATIONS = YES;
				CLANG_WARN_DIRECT_OBJC_ISA_USAGE = YES_ERROR;
				CLANG_WARN_DOCUMENTATION_COMMENTS = YES;
				CLANG_WARN_EMPTY_BODY = YES;
				CLANG_WARN_ENUM_CONVERSION = YES;
				CLANG_WARN_INFINITE_RECURSION = YES;
				CLANG_WARN_INT_CONVERSION = YES;
				CLANG_WARN_NON_LITERAL_NULL_CONVERSION = YES;
				CLANG_WARN_OBJC_IMPLICIT_RETAIN_SELF = YES;
				CLANG_WARN_OBJC_LITERAL_CONVERSION = YES;
				CLANG_WARN_OBJC_ROOT_CLASS = YES_ERROR;
				CLANG_WARN_RANGE_LOOP_ANALYSIS = YES;
				CLANG_WARN_STRICT_PROTOTYPES = YES;
				CLANG_WARN_SUSPICIOUS_MOVE = YES;
				CLANG_WARN_UNGUARDED_AVAILABILITY = YES_AGGRESSIVE;
				CLANG_WARN_UNREACHABLE_CODE = YES;
				CLANG_WARN__DUPLICATE_METHOD_MATCH = YES;
				COPY_PHASE_STRIP = NO;
				DEBUG_INFORMATION_FORMAT = "dwarf-with-dsym";
				ENABLE_NS_ASSERTIONS = NO;
				ENABLE_STRICT_OBJC_MSGSEND = YES;
				GCC_C_LANGUAGE_STANDARD = gnu11;
				GCC_NO_COMMON_BLOCKS = YES;
				GCC_WARN_64_TO_32_BIT_CONVERSION = YES;
				GCC_WARN_ABOUT_RETURN_TYPE = YES_ERROR;
				GCC_WARN_UNDECLARED_SELECTOR = YES;
				GCC_WARN_UNINITIALIZED_AUTOS = YES_AGGRESSIVE;
				GCC_WARN_UNUSED_FUNCTION = YES;
				GCC_WARN_UNUSED_VARIABLE = YES;
				IPHONEOS_DEPLOYMENT_TARGET = 13.6;
				MTL_ENABLE_DEBUG_INFO = NO;
				MTL_FAST_MATH = YES;
				SDKROOT = iphoneos;
				SWIFT_COMPILATION_MODE = wholemodule;
				SWIFT_OPTIMIZATION_LEVEL = "-O";
				VALIDATE_PRODUCT = YES;
			};
			name = Release;
		};
		181916C224FF55890022DCC7 /* Debug */ = {
			isa = XCBuildConfiguration;
			baseConfigurationReference = 43DF70B8940DD6A5DDEAEBE4 /* Pods-EmployeeDemo.debug.xcconfig */;
			buildSettings = {
				ASSETCATALOG_COMPILER_APPICON_NAME = AppIcon;
				CODE_SIGN_STYLE = Automatic;
				INFOPLIST_FILE = EmployeeDemo/Info.plist;
				LD_RUNPATH_SEARCH_PATHS = (
					"$(inherited)",
					"@executable_path/Frameworks",
				);
				PRODUCT_BUNDLE_IDENTIFIER = com.EmployeeDemo;
				PRODUCT_NAME = "$(TARGET_NAME)";
				SWIFT_VERSION = 5.0;
				TARGETED_DEVICE_FAMILY = "1,2";
			};
			name = Debug;
		};
		181916C324FF55890022DCC7 /* Release */ = {
			isa = XCBuildConfiguration;
			baseConfigurationReference = 87B9B03AB80BC05B477D53E9 /* Pods-EmployeeDemo.release.xcconfig */;
			buildSettings = {
				ASSETCATALOG_COMPILER_APPICON_NAME = AppIcon;
				CODE_SIGN_STYLE = Automatic;
				INFOPLIST_FILE = EmployeeDemo/Info.plist;
				LD_RUNPATH_SEARCH_PATHS = (
					"$(inherited)",
					"@executable_path/Frameworks",
				);
				PRODUCT_BUNDLE_IDENTIFIER = com.EmployeeDemo;
				PRODUCT_NAME = "$(TARGET_NAME)";
				SWIFT_VERSION = 5.0;
				TARGETED_DEVICE_FAMILY = "1,2";
			};
			name = Release;
		};
/* End XCBuildConfiguration section */

/* Begin XCConfigurationList section */
		181916A824FF55860022DCC7 /* Build configuration list for PBXProject "EmployeeDemo" */ = {
			isa = XCConfigurationList;
			buildConfigurations = (
				181916BF24FF55890022DCC7 /* Debug */,
				181916C024FF55890022DCC7 /* Release */,
			);
			defaultConfigurationIsVisible = 0;
			defaultConfigurationName = Release;
		};
		181916C124FF55890022DCC7 /* Build configuration list for PBXNativeTarget "EmployeeDemo" */ = {
			isa = XCConfigurationList;
			buildConfigurations = (
				181916C224FF55890022DCC7 /* Debug */,
				181916C324FF55890022DCC7 /* Release */,
			);
			defaultConfigurationIsVisible = 0;
			defaultConfigurationName = Release;
		};
/* End XCConfigurationList section */
	};
	rootObject = 181916A524FF55860022DCC7 /* Project object */;
}
